
Microsoft Visual Studio Solution File, Format Version 12.00
# Visual Studio Version 16
VisualStudioVersion = 16.0.29613.14
MinimumVisualStudioVersion = 10.0.40219.1
Project("{888888A0-9F3D-457C-B088-3A5042F75D52}") = "Inventory Manager", "Inventory Manager\Inventory Manager.pyproj", "{79791031-650D-49F2-AA83-5AF501722E40}"
EndProject
Global
	GlobalSection(SolutionConfigurationPlatforms) = preSolution
		Debug|Any CPU = Debug|Any CPU
		Release|Any CPU = Release|Any CPU
	EndGlobalSection
	GlobalSection(ProjectConfigurationPlatforms) = postSolution
		{79791031-650D-49F2-AA83-5AF501722E40}.Debug|Any CPU.ActiveCfg = Debug|Any CPU
		{79791031-650D-49F2-AA83-5AF501722E40}.Release|Any CPU.ActiveCfg = Release|Any CPU
	EndGlobalSection
	GlobalSection(SolutionProperties) = preSolution
		HideSolutionNode = FALSE
	EndGlobalSection
	GlobalSection(ExtensibilityGlobals) = postSolution
		SolutionGuid = {A5FA6B05-329F-4F27-A7CA-2CCD2D8C92AA}
	EndGlobalSection
EndGlobal
